
Microsoft Visual Studio Solution File, Format Version 12.00
# Visual Studio Version 16
VisualStudioVersion = 16.0.30320.27
MinimumVisualStudioVersion = 10.0.40219.1
Project("{FAE04EC0-301F-11D3-BF4B-00C04F79EFBC}") = "IntalioTask", "IntalioTask\IntalioTask.csproj", "{8938B134-AB53-470C-83DC-01F033C1D78E}"
EndProject
Project("{FAE04EC0-301F-11D3-BF4B-00C04F79EFBC}") = "IntalioTaskCore", "IntalioTaskCore\IntalioTaskCore.csproj", "{74998C45-6A30-4F47-A196-C5F0D1660B91}"
EndProject
Project("{FAE04EC0-301F-11D3-BF4B-00C04F79EFBC}") = "IntalioTaskDB", "IntalioTaskDB\IntalioTaskDB.csproj", "{E8D9384F-7DFE-4FE1-943B-A80089FE513E}"
EndProject
Project("{FAE04EC0-301F-11D3-BF4B-00C04F79EFBC}") = "IntalioTaskReposatory", "IntalioTaskReposatory\IntalioTaskReposatory.csproj", "{EC61902A-7F32-4B9A-BB1D-01180D0AA0B9}"
EndProject
Project("{FAE04EC0-301F-11D3-BF4B-00C04F79EFBC}") = "IntalioTaskService", "IntalioTaskService\IntalioTaskService.csproj", "{8E212549-E902-41F8-A719-EAAA6F6B711E}"
EndProject
Global
	GlobalSection(SolutionConfigurationPlatforms) = preSolution
		Debug|Any CPU = Debug|Any CPU
		Release|Any CPU = Release|Any CPU
	EndGlobalSection
	GlobalSection(ProjectConfigurationPlatforms) = postSolution
		{8938B134-AB53-470C-83DC-01F033C1D78E}.Debug|Any CPU.ActiveCfg = Debug|Any CPU
		{8938B134-AB53-470C-83DC-01F033C1D78E}.Debug|Any CPU.Build.0 = Debug|Any CPU
		{8938B134-AB53-470C-83DC-01F033C1D78E}.Release|Any CPU.ActiveCfg = Release|Any CPU
		{8938B134-AB53-470C-83DC-01F033C1D78E}.Release|Any CPU.Build.0 = Release|Any CPU
		{74998C45-6A30-4F47-A196-C5F0D1660B91}.Debug|Any CPU.ActiveCfg = Debug|Any CPU
		{74998C45-6A30-4F47-A196-C5F0D1660B91}.Debug|Any CPU.Build.0 = Debug|Any CPU
		{74998C45-6A30-4F47-A196-C5F0D1660B91}.Release|Any CPU.ActiveCfg = Release|Any CPU
		{74998C45-6A30-4F47-A196-C5F0D1660B91}.Release|Any CPU.Build.0 = Release|Any CPU
		{E8D9384F-7DFE-4FE1-943B-A80089FE513E}.Debug|Any CPU.ActiveCfg = Debug|Any CPU
		{E8D9384F-7DFE-4FE1-943B-A80089FE513E}.Debug|Any CPU.Build.0 = Debug|Any CPU
		{E8D9384F-7DFE-4FE1-943B-A80089FE513E}.Release|Any CPU.ActiveCfg = Release|Any CPU
		{E8D9384F-7DFE-4FE1-943B-A80089FE513E}.Release|Any CPU.Build.0 = Release|Any CPU
		{EC61902A-7F32-4B9A-BB1D-01180D0AA0B9}.Debug|Any CPU.ActiveCfg = Debug|Any CPU
		{EC61902A-7F32-4B9A-BB1D-01180D0AA0B9}.Debug|Any CPU.Build.0 = Debug|Any CPU
		{EC61902A-7F32-4B9A-BB1D-01180D0AA0B9}.Release|Any CPU.ActiveCfg = Release|Any CPU
		{EC61902A-7F32-4B9A-BB1D-01180D0AA0B9}.Release|Any CPU.Build.0 = Release|Any CPU
		{8E212549-E902-41F8-A719-EAAA6F6B711E}.Debug|Any CPU.ActiveCfg = Debug|Any CPU
		{8E212549-E902-41F8-A719-EAAA6F6B711E}.Debug|Any CPU.Build.0 = Debug|Any CPU
		{8E212549-E902-41F8-A719-EAAA6F6B711E}.Release|Any CPU.ActiveCfg = Release|Any CPU
		{8E212549-E902-41F8-A719-EAAA6F6B711E}.Release|Any CPU.Build.0 = Release|Any CPU
	EndGlobalSection
	GlobalSection(SolutionProperties) = preSolution
		HideSolutionNode = FALSE
	EndGlobalSection
	GlobalSection(ExtensibilityGlobals) = postSolution
		SolutionGuid = {6419D9F8-ADC3-415D-B870-38399E5A79CE}
	EndGlobalSection
EndGlobal
